{
  "name": "tg_mini_api_demo",
  "version": "1.0.0",
  "lockfileVersion": 1,
  "requires": true,
  "dependencies": {
    "mini-genieui": {
      "version": "3.0.2",
      "integrity": "sha1-Fzj8Cylq3czwKo9HAqwFFnRaLmQ="
    },
    "umtrack-alipay": {
      "version": "2.1.0",
      "resolved": "https://registry.npm.taobao.org/umtrack-alipay/download/umtrack-alipay-2.1.0.tgz",
      "integrity": "sha1-wZ6La2J9YRKCA4b76jFn+C7tl4Q="
    }
  }
}
